// !$*UTF8*$!
{
	archiveVersion = 1;
	classes = {
	};
	objectVersion = 56;
	objects = {

/* Begin PBXBuildFile section */
		8A235F212B6AA5FF00F1F6E7 /* GoPrivateApp.swift in Sources */ = {isa = PBXBuildFile; fileRef = 8A235F202B6AA5FF00F1F6E7 /* GoPrivateApp.swift */; };
		8A235F232B6AA5FF00F1F6E7 /* ContentView.swift in Sources */ = {isa = PBXBuildFile; fileRef = 8A235F222B6AA5FF00F1F6E7 /* ContentView.swift */; };
		8A235F252B6AA62100F1F6E7 /* Assets.xcassets in Resources */ = {isa = PBXBuildFile; fileRef = 8A235F242B6AA62100F1F6E7 /* Assets.xcassets */; };
		8A235F282B6AA62100F1F6E7 /* Preview Assets.xcassets in Resources */ = {isa = PBXBuildFile; fileRef = 8A235F272B6AA62100F1F6E7 /* Preview Assets.xcassets */; };
		8A235F322B6AA62200F1F6E7 /* GoPrivateTests.swift in Sources */ = {isa = PBXBuildFile; fileRef = 8A235F312B6AA62200F1F6E7 /* GoPrivateTests.swift */; };
		8A235F3C2B6AA62200F1F6E7 /* GoPrivateUITests.swift in Sources */ = {isa = PBXBuildFile; fileRef = 8A235F3B2B6AA62200F1F6E7 /* GoPrivateUITests.swift */; };
		8A235F3E2B6AA62200F1F6E7 /* GoPrivateUITestsLaunchTests.swift in Sources */ = {isa = PBXBuildFile; fileRef = 8A235F3D2B6AA62200F1F6E7 /* GoPrivateUITestsLaunchTests.swift */; };
		8A27BFBD2B7290AE00967708 /* PickerFieldComponent.swift in Sources */ = {isa = PBXBuildFile; fileRef = 8A27BFBC2B7290AE00967708 /* PickerFieldComponent.swift */; };
		8A2ADF0F2B76A6C5005FF670 /* FirebaseAuth in Frameworks */ = {isa = PBXBuildFile; productRef = 8A2ADF0E2B76A6C5005FF670 /* FirebaseAuth */; };
		8A2ADF112B76A6C5005FF670 /* FirebaseFirestore in Frameworks */ = {isa = PBXBuildFile; productRef = 8A2ADF102B76A6C5005FF670 /* FirebaseFirestore */; };
		8A2ADF152B76AAEC005FF670 /* ButtonPrimary.swift in Sources */ = {isa = PBXBuildFile; fileRef = 8A2ADF142B76AAEC005FF670 /* ButtonPrimary.swift */; };
		8A2ADF172B77E465005FF670 /* GoogleService-Info.plist in Resources */ = {isa = PBXBuildFile; fileRef = 8A2ADF162B77E465005FF670 /* GoogleService-Info.plist */; };
		8A2ADF1A2B77E80C005FF670 /* AppNavigator.swift in Sources */ = {isa = PBXBuildFile; fileRef = 8A2ADF192B77E80C005FF670 /* AppNavigator.swift */; };
		8A2ADF1C2B77F32C005FF670 /* RegisterViewModel.swift in Sources */ = {isa = PBXBuildFile; fileRef = 8A2ADF1B2B77F32C005FF670 /* RegisterViewModel.swift */; };
		8A2ADF1E2B77F833005FF670 /* BoardingViewModel.swift in Sources */ = {isa = PBXBuildFile; fileRef = 8A2ADF1D2B77F833005FF670 /* BoardingViewModel.swift */; };
		8A68B0A52B6B85A300B45EF3 /* BoardingView.swift in Sources */ = {isa = PBXBuildFile; fileRef = 8A68B0A42B6B85A300B45EF3 /* BoardingView.swift */; };
		8A68B0AA2B6B881C00B45EF3 /* Image.swift in Sources */ = {isa = PBXBuildFile; fileRef = 8A68B0A92B6B881C00B45EF3 /* Image.swift */; };
		8A68B0AC2B6B88CA00B45EF3 /* Color.swift in Sources */ = {isa = PBXBuildFile; fileRef = 8A68B0AB2B6B88CA00B45EF3 /* Color.swift */; };
		8A69920D2B6B9E3C00016A9C /* LoginView.swift in Sources */ = {isa = PBXBuildFile; fileRef = 8A69920C2B6B9E3C00016A9C /* LoginView.swift */; };
		8ADA89EB2B6DF0DB00AE887B /* RegisterView.swift in Sources */ = {isa = PBXBuildFile; fileRef = 8ADA89EA2B6DF0DB00AE887B /* RegisterView.swift */; };
		8ADA89EE2B6DF1BE00AE887B /* TextFieldComponent.swift in Sources */ = {isa = PBXBuildFile; fileRef = 8ADA89ED2B6DF1BE00AE887B /* TextFieldComponent.swift */; };
/* End PBXBuildFile section */

/* Begin PBXContainerItemProxy section */
		8A235F2E2B6AA62200F1F6E7 /* PBXContainerItemProxy */ = {
			isa = PBXContainerItemProxy;
			containerPortal = 8A235F152B6AA5FF00F1F6E7 /* Project object */;
			proxyType = 1;
			remoteGlobalIDString = 8A235F1C2B6AA5FF00F1F6E7;
			remoteInfo = GoPrivate;
		};
		8A235F382B6AA62200F1F6E7 /* PBXContainerItemProxy */ = {
			isa = PBXContainerItemProxy;
			containerPortal = 8A235F152B6AA5FF00F1F6E7 /* Project object */;
			proxyType = 1;
			remoteGlobalIDString = 8A235F1C2B6AA5FF00F1F6E7;
			remoteInfo = GoPrivate;
		};
/* End PBXContainerItemProxy section */

/* Begin PBXFileReference section */
		8A235F1D2B6AA5FF00F1F6E7 /* GoPrivate.app */ = {isa = PBXFileReference; explicitFileType = wrapper.application; includeInIndex = 0; path = GoPrivate.app; sourceTree = BUILT_PRODUCTS_DIR; };
		8A235F202B6AA5FF00F1F6E7 /* GoPrivateApp.swift */ = {isa = PBXFileReference; lastKnownFileType = sourcecode.swift; path = GoPrivateApp.swift; sourceTree = "<group>"; };
		8A235F222B6AA5FF00F1F6E7 /* ContentView.swift */ = {isa = PBXFileReference; lastKnownFileType = sourcecode.swift; path = ContentView.swift; sourceTree = "<group>"; };
		8A235F242B6AA62100F1F6E7 /* Assets.xcassets */ = {isa = PBXFileReference; lastKnownFileType = folder.assetcatalog; path = Assets.xcassets; sourceTree = "<group>"; };
		8A235F272B6AA62100F1F6E7 /* Preview Assets.xcassets */ = {isa = PBXFileReference; lastKnownFileType = folder.assetcatalog; path = "Preview Assets.xcassets"; sourceTree = "<group>"; };
		8A235F2D2B6AA62200F1F6E7 /* GoPrivateTests.xctest */ = {isa = PBXFileReference; explicitFileType = wrapper.cfbundle; includeInIndex = 0; path = GoPrivateTests.xctest; sourceTree = BUILT_PRODUCTS_DIR; };
		8A235F312B6AA62200F1F6E7 /* GoPrivateTests.swift */ = {isa = PBXFileReference; lastKnownFileType = sourcecode.swift; path = GoPrivateTests.swift; sourceTree = "<group>"; };
		8A235F372B6AA62200F1F6E7 /* GoPrivateUITests.xctest */ = {isa = PBXFileReference; explicitFileType = wrapper.cfbundle; includeInIndex = 0; path = GoPrivateUITests.xctest; sourceTree = BUILT_PRODUCTS_DIR; };
		8A235F3B2B6AA62200F1F6E7 /* GoPrivateUITests.swift */ = {isa = PBXFileReference; lastKnownFileType = sourcecode.swift; path = GoPrivateUITests.swift; sourceTree = "<group>"; };
		8A235F3D2B6AA62200F1F6E7 /* GoPrivateUITestsLaunchTests.swift */ = {isa = PBXFileReference; lastKnownFileType = sourcecode.swift; path = GoPrivateUITestsLaunchTests.swift; sourceTree = "<group>"; };
		8A27BFBC2B7290AE00967708 /* PickerFieldComponent.swift */ = {isa = PBXFileReference; lastKnownFileType = sourcecode.swift; path = PickerFieldComponent.swift; sourceTree = "<group>"; };
		8A2ADF142B76AAEC005FF670 /* ButtonPrimary.swift */ = {isa = PBXFileReference; lastKnownFileType = sourcecode.swift; path = ButtonPrimary.swift; sourceTree = "<group>"; };
		8A2ADF162B77E465005FF670 /* GoogleService-Info.plist */ = {isa = PBXFileReference; fileEncoding = 4; lastKnownFileType = text.plist.xml; name = "GoogleService-Info.plist"; path = "../../../../../Downloads/GoogleService-Info.plist"; sourceTree = "<group>"; };
		8A2ADF192B77E80C005FF670 /* AppNavigator.swift */ = {isa = PBXFileReference; lastKnownFileType = sourcecode.swift; path = AppNavigator.swift; sourceTree = "<group>"; };
		8A2ADF1B2B77F32C005FF670 /* RegisterViewModel.swift */ = {isa = PBXFileReference; lastKnownFileType = sourcecode.swift; path = RegisterViewModel.swift; sourceTree = "<group>"; };
		8A2ADF1D2B77F833005FF670 /* BoardingViewModel.swift */ = {isa = PBXFileReference; lastKnownFileType = sourcecode.swift; path = BoardingViewModel.swift; sourceTree = "<group>"; };
		8A68B0A42B6B85A300B45EF3 /* BoardingView.swift */ = {isa = PBXFileReference; lastKnownFileType = sourcecode.swift; path = BoardingView.swift; sourceTree = "<group>"; };
		8A68B0A92B6B881C00B45EF3 /* Image.swift */ = {isa = PBXFileReference; lastKnownFileType = sourcecode.swift; path = Image.swift; sourceTree = "<group>"; };
		8A68B0AB2B6B88CA00B45EF3 /* Color.swift */ = {isa = PBXFileReference; lastKnownFileType = sourcecode.swift; path = Color.swift; sourceTree = "<group>"; };
		8A69920C2B6B9E3C00016A9C /* LoginView.swift */ = {isa = PBXFileReference; lastKnownFileType = sourcecode.swift; path = LoginView.swift; sourceTree = "<group>"; };
		8ADA89EA2B6DF0DB00AE887B /* RegisterView.swift */ = {isa = PBXFileReference; lastKnownFileType = sourcecode.swift; path = RegisterView.swift; sourceTree = "<group>"; };
		8ADA89ED2B6DF1BE00AE887B /* TextFieldComponent.swift */ = {isa = PBXFileReference; lastKnownFileType = sourcecode.swift; path = TextFieldComponent.swift; sourceTree = "<group>"; };
/* End PBXFileReference section */

/* Begin PBXFrameworksBuildPhase section */
		8A235F1A2B6AA5FF00F1F6E7 /* Frameworks */ = {
			isa = PBXFrameworksBuildPhase;
			buildActionMask = 2147483647;
			files = (
				8A2ADF0F2B76A6C5005FF670 /* FirebaseAuth in Frameworks */,
				8A2ADF112B76A6C5005FF670 /* FirebaseFirestore in Frameworks */,
			);
			runOnlyForDeploymentPostprocessing = 0;
		};
		8A235F2A2B6AA62200F1F6E7 /* Frameworks */ = {
			isa = PBXFrameworksBuildPhase;
			buildActionMask = 2147483647;
			files = (
			);
			runOnlyForDeploymentPostprocessing = 0;
		};
		8A235F342B6AA62200F1F6E7 /* Frameworks */ = {
			isa = PBXFrameworksBuildPhase;
			buildActionMask = 2147483647;
			files = (
			);
			runOnlyForDeploymentPostprocessing = 0;
		};
/* End PBXFrameworksBuildPhase section */

/* Begin PBXGroup section */
		8A235F142B6AA5FF00F1F6E7 = {
			isa = PBXGroup;
			children = (
				8A235F1F2B6AA5FF00F1F6E7 /* GoPrivate */,
				8A235F302B6AA62200F1F6E7 /* GoPrivateTests */,
				8A235F3A2B6AA62200F1F6E7 /* GoPrivateUITests */,
				8A235F1E2B6AA5FF00F1F6E7 /* Products */,
			);
			sourceTree = "<group>";
		};
		8A235F1E2B6AA5FF00F1F6E7 /* Products */ = {
			isa = PBXGroup;
			children = (
				8A235F1D2B6AA5FF00F1F6E7 /* GoPrivate.app */,
				8A235F2D2B6AA62200F1F6E7 /* GoPrivateTests.xctest */,
				8A235F372B6AA62200F1F6E7 /* GoPrivateUITests.xctest */,
			);
			name = Products;
			sourceTree = "<group>";
		};
		8A235F1F2B6AA5FF00F1F6E7 /* GoPrivate */ = {
			isa = PBXGroup;
			children = (
				8ADA89EF2B6DF30A00AE887B /* Features */,
				8A2ADF052B76A345005FF670 /* Common */,
				8A235F262B6AA62100F1F6E7 /* Preview Content */,
				8A2ADF162B77E465005FF670 /* GoogleService-Info.plist */,
			);
			path = GoPrivate;
			sourceTree = "<group>";
		};
		8A235F262B6AA62100F1F6E7 /* Preview Content */ = {
			isa = PBXGroup;
			children = (
				8A235F272B6AA62100F1F6E7 /* Preview Assets.xcassets */,
			);
			path = "Preview Content";
			sourceTree = "<group>";
		};
		8A235F302B6AA62200F1F6E7 /* GoPrivateTests */ = {
			isa = PBXGroup;
			children = (
				8A235F312B6AA62200F1F6E7 /* GoPrivateTests.swift */,
			);
			path = GoPrivateTests;
			sourceTree = "<group>";
		};
		8A235F3A2B6AA62200F1F6E7 /* GoPrivateUITests */ = {
			isa = PBXGroup;
			children = (
				8A235F3B2B6AA62200F1F6E7 /* GoPrivateUITests.swift */,
				8A235F3D2B6AA62200F1F6E7 /* GoPrivateUITestsLaunchTests.swift */,
			);
			path = GoPrivateUITests;
			sourceTree = "<group>";
		};
		8A2ADF022B76A1F0005FF670 /* Boarding */ = {
			isa = PBXGroup;
			children = (
				8A2ADF0C2B76A470005FF670 /* ViewModel */,
				8A2ADF0B2B76A467005FF670 /* View */,
			);
			path = Boarding;
			sourceTree = "<group>";
		};
		8A2ADF032B76A275005FF670 /* Login */ = {
			isa = PBXGroup;
			children = (
				8A2ADF0A2B76A45C005FF670 /* ViewModel */,
				8A2ADF092B76A457005FF670 /* View */,
			);
			path = Login;
			sourceTree = "<group>";
		};
		8A2ADF042B76A27C005FF670 /* Register */ = {
			isa = PBXGroup;
			children = (
				8A2ADF082B76A448005FF670 /* ViewModel */,
				8A2ADF072B76A3AF005FF670 /* View */,
			);
			path = Register;
			sourceTree = "<group>";
		};
		8A2ADF052B76A345005FF670 /* Common */ = {
			isa = PBXGroup;
			children = (
				8A2ADF182B77E7FC005FF670 /* Navigator */,
				8A68B0A62B6B879200B45EF3 /* Resources */,
				8A2ADF062B76A381005FF670 /* Core */,
				8ADA89EC2B6DF1A500AE887B /* Components */,
			);
			path = Common;
			sourceTree = "<group>";
		};
		8A2ADF062B76A381005FF670 /* Core */ = {
			isa = PBXGroup;
			children = (
				8A235F202B6AA5FF00F1F6E7 /* GoPrivateApp.swift */,
				8A235F222B6AA5FF00F1F6E7 /* ContentView.swift */,
			);
			path = Core;
			sourceTree = "<group>";
		};
		8A2ADF072B76A3AF005FF670 /* View */ = {
			isa = PBXGroup;
			children = (
				8ADA89EA2B6DF0DB00AE887B /* RegisterView.swift */,
			);
			path = View;
			sourceTree = "<group>";
		};
		8A2ADF082B76A448005FF670 /* ViewModel */ = {
			isa = PBXGroup;
			children = (
				8A2ADF1B2B77F32C005FF670 /* RegisterViewModel.swift */,
			);
			path = ViewModel;
			sourceTree = "<group>";
		};
		8A2ADF092B76A457005FF670 /* View */ = {
			isa = PBXGroup;
			children = (
				8A69920C2B6B9E3C00016A9C /* LoginView.swift */,
			);
			path = View;
			sourceTree = "<group>";
		};
		8A2ADF0A2B76A45C005FF670 /* ViewModel */ = {
			isa = PBXGroup;
			children = (
			);
			path = ViewModel;
			sourceTree = "<group>";
		};
		8A2ADF0B2B76A467005FF670 /* View */ = {
			isa = PBXGroup;
			children = (
				8A68B0A42B6B85A300B45EF3 /* BoardingView.swift */,
			);
			path = View;
			sourceTree = "<group>";
		};
		8A2ADF0C2B76A470005FF670 /* ViewModel */ = {
			isa = PBXGroup;
			children = (
				8A2ADF1D2B77F833005FF670 /* BoardingViewModel.swift */,
			);
			path = ViewModel;
			sourceTree = "<group>";
		};
		8A2ADF122B76AAA6005FF670 /* Button */ = {
			isa = PBXGroup;
			children = (
				8A2ADF142B76AAEC005FF670 /* ButtonPrimary.swift */,
			);
			path = Button;
			sourceTree = "<group>";
		};
		8A2ADF132B76AAD2005FF670 /* Field */ = {
			isa = PBXGroup;
			children = (
				8ADA89ED2B6DF1BE00AE887B /* TextFieldComponent.swift */,
				8A27BFBC2B7290AE00967708 /* PickerFieldComponent.swift */,
			);
			path = Field;
			sourceTree = "<group>";
		};
		8A2ADF182B77E7FC005FF670 /* Navigator */ = {
			isa = PBXGroup;
			children = (
				8A2ADF192B77E80C005FF670 /* AppNavigator.swift */,
			);
			path = Navigator;
			sourceTree = "<group>";
		};
		8A68B0A62B6B879200B45EF3 /* Resources */ = {
			isa = PBXGroup;
			children = (
				8A235F242B6AA62100F1F6E7 /* Assets.xcassets */,
				8A68B0A92B6B881C00B45EF3 /* Image.swift */,
				8A68B0AB2B6B88CA00B45EF3 /* Color.swift */,
			);
			path = Resources;
			sourceTree = "<group>";
		};
		8ADA89EC2B6DF1A500AE887B /* Components */ = {
			isa = PBXGroup;
			children = (
				8A2ADF132B76AAD2005FF670 /* Field */,
				8A2ADF122B76AAA6005FF670 /* Button */,
			);
			path = Components;
			sourceTree = "<group>";
		};
		8ADA89EF2B6DF30A00AE887B /* Features */ = {
			isa = PBXGroup;
			children = (
				8A2ADF042B76A27C005FF670 /* Register */,
				8A2ADF032B76A275005FF670 /* Login */,
				8A2ADF022B76A1F0005FF670 /* Boarding */,
			);
			path = Features;
			sourceTree = "<group>";
		};
/* End PBXGroup section */

/* Begin PBXNativeTarget section */
		8A235F1C2B6AA5FF00F1F6E7 /* GoPrivate */ = {
			isa = PBXNativeTarget;
			buildConfigurationList = 8A235F412B6AA62200F1F6E7 /* Build configuration list for PBXNativeTarget "GoPrivate" */;
			buildPhases = (
				8A235F192B6AA5FF00F1F6E7 /* Sources */,
				8A235F1A2B6AA5FF00F1F6E7 /* Frameworks */,
				8A235F1B2B6AA5FF00F1F6E7 /* Resources */,
			);
			buildRules = (
			);
			dependencies = (
			);
			name = GoPrivate;
			packageProductDependencies = (
				8A2ADF0E2B76A6C5005FF670 /* FirebaseAuth */,
				8A2ADF102B76A6C5005FF670 /* FirebaseFirestore */,
			);
			productName = GoPrivate;
			productReference = 8A235F1D2B6AA5FF00F1F6E7 /* GoPrivate.app */;
			productType = "com.apple.product-type.application";
		};
		8A235F2C2B6AA62200F1F6E7 /* GoPrivateTests */ = {
			isa = PBXNativeTarget;
			buildConfigurationList = 8A235F442B6AA62200F1F6E7 /* Build configuration list for PBXNativeTarget "GoPrivateTests" */;
			buildPhases = (
				8A235F292B6AA62200F1F6E7 /* Sources */,
				8A235F2A2B6AA62200F1F6E7 /* Frameworks */,
				8A235F2B2B6AA62200F1F6E7 /* Resources */,
			);
			buildRules = (
			);
			dependencies = (
				8A235F2F2B6AA62200F1F6E7 /* PBXTargetDependency */,
			);
			name = GoPrivateTests;
			productName = GoPrivateTests;
			productReference = 8A235F2D2B6AA62200F1F6E7 /* GoPrivateTests.xctest */;
			productType = "com.apple.product-type.bundle.unit-test";
		};
		8A235F362B6AA62200F1F6E7 /* GoPrivateUITests */ = {
			isa = PBXNativeTarget;
			buildConfigurationList = 8A235F472B6AA62200F1F6E7 /* Build configuration list for PBXNativeTarget "GoPrivateUITests" */;
			buildPhases = (
				8A235F332B6AA62200F1F6E7 /* Sources */,
				8A235F342B6AA62200F1F6E7 /* Frameworks */,
				8A235F352B6AA62200F1F6E7 /* Resources */,
			);
			buildRules = (
			);
			dependencies = (
				8A235F392B6AA62200F1F6E7 /* PBXTargetDependency */,
			);
			name = GoPrivateUITests;
			productName = GoPrivateUITests;
			productReference = 8A235F372B6AA62200F1F6E7 /* GoPrivateUITests.xctest */;
			productType = "com.apple.product-type.bundle.ui-testing";
		};
/* End PBXNativeTarget section */

/* Begin PBXProject section */
		8A235F152B6AA5FF00F1F6E7 /* Project object */ = {
			isa = PBXProject;
			attributes = {
				BuildIndependentTargetsInParallel = 1;
				LastSwiftUpdateCheck = 1430;
				LastUpgradeCheck = 1430;
				TargetAttributes = {
					8A235F1C2B6AA5FF00F1F6E7 = {
						CreatedOnToolsVersion = 14.3.1;
					};
					8A235F2C2B6AA62200F1F6E7 = {
						CreatedOnToolsVersion = 14.3.1;
						TestTargetID = 8A235F1C2B6AA5FF00F1F6E7;
					};
					8A235F362B6AA62200F1F6E7 = {
						CreatedOnToolsVersion = 14.3.1;
						TestTargetID = 8A235F1C2B6AA5FF00F1F6E7;
					};
				};
			};
			buildConfigurationList = 8A235F182B6AA5FF00F1F6E7 /* Build configuration list for PBXProject "GoPrivate" */;
			compatibilityVersion = "Xcode 14.0";
			developmentRegion = en;
			hasScannedForEncodings = 0;
			knownRegions = (
				en,
				Base,
			);
			mainGroup = 8A235F142B6AA5FF00F1F6E7;
			packageReferences = (
				8A2ADF0D2B76A6C5005FF670 /* XCRemoteSwiftPackageReference "firebase-ios-sdk" */,
			);
			productRefGroup = 8A235F1E2B6AA5FF00F1F6E7 /* Products */;
			projectDirPath = "";
			projectRoot = "";
			targets = (
				8A235F1C2B6AA5FF00F1F6E7 /* GoPrivate */,
				8A235F2C2B6AA62200F1F6E7 /* GoPrivateTests */,
				8A235F362B6AA62200F1F6E7 /* GoPrivateUITests */,
			);
		};
/* End PBXProject section */

/* Begin PBXResourcesBuildPhase section */
		8A235F1B2B6AA5FF00F1F6E7 /* Resources */ = {
			isa = PBXResourcesBuildPhase;
			buildActionMask = 2147483647;
			files = (
				8A235F282B6AA62100F1F6E7 /* Preview Assets.xcassets in Resources */,
				8A235F252B6AA62100F1F6E7 /* Assets.xcassets in Resources */,
				8A2ADF172B77E465005FF670 /* GoogleService-Info.plist in Resources */,
			);
			runOnlyForDeploymentPostprocessing = 0;
		};
		8A235F2B2B6AA62200F1F6E7 /* Resources */ = {
			isa = PBXResourcesBuildPhase;
			buildActionMask = 2147483647;
			files = (
			);
			runOnlyForDeploymentPostprocessing = 0;
		};
		8A235F352B6AA62200F1F6E7 /* Resources */ = {
			isa = PBXResourcesBuildPhase;
			buildActionMask = 2147483647;
			files = (
			);
			runOnlyForDeploymentPostprocessing = 0;
		};
/* End PBXResourcesBuildPhase section */

/* Begin PBXSourcesBuildPhase section */
		8A235F192B6AA5FF00F1F6E7 /* Sources */ = {
			isa = PBXSourcesBuildPhase;
			buildActionMask = 2147483647;
			files = (
				8A2ADF1A2B77E80C005FF670 /* AppNavigator.swift in Sources */,
				8A69920D2B6B9E3C00016A9C /* LoginView.swift in Sources */,
				8A27BFBD2B7290AE00967708 /* PickerFieldComponent.swift in Sources */,
				8A68B0A52B6B85A300B45EF3 /* BoardingView.swift in Sources */,
				8ADA89EE2B6DF1BE00AE887B /* TextFieldComponent.swift in Sources */,
				8A2ADF152B76AAEC005FF670 /* ButtonPrimary.swift in Sources */,
				8A68B0AA2B6B881C00B45EF3 /* Image.swift in Sources */,
				8A2ADF1C2B77F32C005FF670 /* RegisterViewModel.swift in Sources */,
				8ADA89EB2B6DF0DB00AE887B /* RegisterView.swift in Sources */,
				8A235F232B6AA5FF00F1F6E7 /* ContentView.swift in Sources */,
				8A68B0AC2B6B88CA00B45EF3 /* Color.swift in Sources */,
				8A2ADF1E2B77F833005FF670 /* BoardingViewModel.swift in Sources */,
				8A235F212B6AA5FF00F1F6E7 /* GoPrivateApp.swift in Sources */,
			);
			runOnlyForDeploymentPostprocessing = 0;
		};
		8A235F292B6AA62200F1F6E7 /* Sources */ = {
			isa = PBXSourcesBuildPhase;
			buildActionMask = 2147483647;
			files = (
				8A235F322B6AA62200F1F6E7 /* GoPrivateTests.swift in Sources */,
			);
			runOnlyForDeploymentPostprocessing = 0;
		};
		8A235F332B6AA62200F1F6E7 /* Sources */ = {
			isa = PBXSourcesBuildPhase;
			buildActionMask = 2147483647;
			files = (
				8A235F3E2B6AA62200F1F6E7 /* GoPrivateUITestsLaunchTests.swift in Sources */,
				8A235F3C2B6AA62200F1F6E7 /* GoPrivateUITests.swift in Sources */,
			);
			runOnlyForDeploymentPostprocessing = 0;
		};
/* End PBXSourcesBuildPhase section */

/* Begin PBXTargetDependency section */
		8A235F2F2B6AA62200F1F6E7 /* PBXTargetDependency */ = {
			isa = PBXTargetDependency;
			target = 8A235F1C2B6AA5FF00F1F6E7 /* GoPrivate */;
			targetProxy = 8A235F2E2B6AA62200F1F6E7 /* PBXContainerItemProxy */;
		};
		8A235F392B6AA62200F1F6E7 /* PBXTargetDependency */ = {
			isa = PBXTargetDependency;
			target = 8A235F1C2B6AA5FF00F1F6E7 /* GoPrivate */;
			targetProxy = 8A235F382B6AA62200F1F6E7 /* PBXContainerItemProxy */;
		};
/* End PBXTargetDependency section */

/* Begin XCBuildConfiguration section */
		8A235F3F2B6AA62200F1F6E7 /* Debug */ = {
			isa = XCBuildConfiguration;
			buildSettings = {
				ALWAYS_SEARCH_USER_PATHS = NO;
				CLANG_ANALYZER_NONNULL = YES;
				CLANG_ANALYZER_NUMBER_OBJECT_CONVERSION = YES_AGGRESSIVE;
				CLANG_CXX_LANGUAGE_STANDARD = "gnu++20";
				CLANG_ENABLE_MODULES = YES;
				CLANG_ENABLE_OBJC_ARC = YES;
				CLANG_ENABLE_OBJC_WEAK = YES;
				CLANG_WARN_BLOCK_CAPTURE_AUTORELEASING = YES;
				CLANG_WARN_BOOL_CONVERSION = YES;
				CLANG_WARN_COMMA = YES;
				CLANG_WARN_CONSTANT_CONVERSION = YES;
				CLANG_WARN_DEPRECATED_OBJC_IMPLEMENTATIONS = YES;
				CLANG_WARN_DIRECT_OBJC_ISA_USAGE = YES_ERROR;
				CLANG_WARN_DOCUMENTATION_COMMENTS = YES;
				CLANG_WARN_EMPTY_BODY = YES;
				CLANG_WARN_ENUM_CONVERSION = YES;
				CLANG_WARN_INFINITE_RECURSION = YES;
				CLANG_WARN_INT_CONVERSION = YES;
				CLANG_WARN_NON_LITERAL_NULL_CONVERSION = YES;
				CLANG_WARN_OBJC_IMPLICIT_RETAIN_SELF = YES;
				CLANG_WARN_OBJC_LITERAL_CONVERSION = YES;
				CLANG_WARN_OBJC_ROOT_CLASS = YES_ERROR;
				CLANG_WARN_QUOTED_INCLUDE_IN_FRAMEWORK_HEADER = YES;
				CLANG_WARN_RANGE_LOOP_ANALYSIS = YES;
				CLANG_WARN_STRICT_PROTOTYPES = YES;
				CLANG_WARN_SUSPICIOUS_MOVE = YES;
				CLANG_WARN_UNGUARDED_AVAILABILITY = YES_AGGRESSIVE;
				CLANG_WARN_UNREACHABLE_CODE = YES;
				CLANG_WARN__DUPLICATE_METHOD_MATCH = YES;
				COPY_PHASE_STRIP = NO;
				DEBUG_INFORMATION_FORMAT = dwarf;
				ENABLE_STRICT_OBJC_MSGSEND = YES;
				ENABLE_TESTABILITY = YES;
				GCC_C_LANGUAGE_STANDARD = gnu11;
				GCC_DYNAMIC_NO_PIC = NO;
				GCC_NO_COMMON_BLOCKS = YES;
				GCC_OPTIMIZATION_LEVEL = 0;
				GCC_PREPROCESSOR_DEFINITIONS = (
					"DEBUG=1",
					"$(inherited)",
				);
				GCC_WARN_64_TO_32_BIT_CONVERSION = YES;
				GCC_WARN_ABOUT_RETURN_TYPE = YES_ERROR;
				GCC_WARN_UNDECLARED_SELECTOR = YES;
				GCC_WARN_UNINITIALIZED_AUTOS = YES_AGGRESSIVE;
				GCC_WARN_UNUSED_FUNCTION = YES;
				GCC_WARN_UNUSED_VARIABLE = YES;
				IPHONEOS_DEPLOYMENT_TARGET = 16.4;
				MTL_ENABLE_DEBUG_INFO = INCLUDE_SOURCE;
				MTL_FAST_MATH = YES;
				ONLY_ACTIVE_ARCH = YES;
				SDKROOT = iphoneos;
				SWIFT_ACTIVE_COMPILATION_CONDITIONS = DEBUG;
				SWIFT_OPTIMIZATION_LEVEL = "-Onone";
			};
			name = Debug;
		};
		8A235F402B6AA62200F1F6E7 /* Release */ = {
			isa = XCBuildConfiguration;
			buildSettings = {
				ALWAYS_SEARCH_USER_PATHS = NO;
				CLANG_ANALYZER_NONNULL = YES;
				CLANG_ANALYZER_NUMBER_OBJECT_CONVERSION = YES_AGGRESSIVE;
				CLANG_CXX_LANGUAGE_STANDARD = "gnu++20";
				CLANG_ENABLE_MODULES = YES;
				CLANG_ENABLE_OBJC_ARC = YES;
				CLANG_ENABLE_OBJC_WEAK = YES;
				CLANG_WARN_BLOCK_CAPTURE_AUTORELEASING = YES;
				CLANG_WARN_BOOL_CONVERSION = YES;
				CLANG_WARN_COMMA = YES;
				CLANG_WARN_CONSTANT_CONVERSION = YES;
				CLANG_WARN_DEPRECATED_OBJC_IMPLEMENTATIONS = YES;
				CLANG_WARN_DIRECT_OBJC_ISA_USAGE = YES_ERROR;
				CLANG_WARN_DOCUMENTATION_COMMENTS = YES;
				CLANG_WARN_EMPTY_BODY = YES;
				CLANG_WARN_ENUM_CONVERSION = YES;
				CLANG_WARN_INFINITE_RECURSION = YES;
				CLANG_WARN_INT_CONVERSION = YES;
				CLANG_WARN_NON_LITERAL_NULL_CONVERSION = YES;
				CLANG_WARN_OBJC_IMPLICIT_RETAIN_SELF = YES;
				CLANG_WARN_OBJC_LITERAL_CONVERSION = YES;
				CLANG_WARN_OBJC_ROOT_CLASS = YES_ERROR;
				CLANG_WARN_QUOTED_INCLUDE_IN_FRAMEWORK_HEADER = YES;
				CLANG_WARN_RANGE_LOOP_ANALYSIS = YES;
				CLANG_WARN_STRICT_PROTOTYPES = YES;
				CLANG_WARN_SUSPICIOUS_MOVE = YES;
				CLANG_WARN_UNGUARDED_AVAILABILITY = YES_AGGRESSIVE;
				CLANG_WARN_UNREACHABLE_CODE = YES;
				CLANG_WARN__DUPLICATE_METHOD_MATCH = YES;
				COPY_PHASE_STRIP = NO;
				DEBUG_INFORMATION_FORMAT = "dwarf-with-dsym";
				ENABLE_NS_ASSERTIONS = NO;
				ENABLE_STRICT_OBJC_MSGSEND = YES;
				GCC_C_LANGUAGE_STANDARD = gnu11;
				GCC_NO_COMMON_BLOCKS = YES;
				GCC_WARN_64_TO_32_BIT_CONVERSION = YES;
				GCC_WARN_ABOUT_RETURN_TYPE = YES_ERROR;
				GCC_WARN_UNDECLARED_SELECTOR = YES;
				GCC_WARN_UNINITIALIZED_AUTOS = YES_AGGRESSIVE;
				GCC_WARN_UNUSED_FUNCTION = YES;
				GCC_WARN_UNUSED_VARIABLE = YES;
				IPHONEOS_DEPLOYMENT_TARGET = 16.4;
				MTL_ENABLE_DEBUG_INFO = NO;
				MTL_FAST_MATH = YES;
				SDKROOT = iphoneos;
				SWIFT_COMPILATION_MODE = wholemodule;
				SWIFT_OPTIMIZATION_LEVEL = "-O";
				VALIDATE_PRODUCT = YES;
			};
			name = Release;
		};
		8A235F422B6AA62200F1F6E7 /* Debug */ = {
			isa = XCBuildConfiguration;
			buildSettings = {
				ASSETCATALOG_COMPILER_APPICON_NAME = AppIcon;
				ASSETCATALOG_COMPILER_GLOBAL_ACCENT_COLOR_NAME = AccentColor;
				CODE_SIGN_STYLE = Automatic;
				CURRENT_PROJECT_VERSION = 1;
				DEVELOPMENT_ASSET_PATHS = "\"GoPrivate/Preview Content\"";
				ENABLE_PREVIEWS = YES;
				GENERATE_INFOPLIST_FILE = YES;
				INFOPLIST_KEY_UIApplicationSceneManifest_Generation = YES;
				INFOPLIST_KEY_UIApplicationSupportsIndirectInputEvents = YES;
				INFOPLIST_KEY_UILaunchScreen_Generation = YES;
				INFOPLIST_KEY_UISupportedInterfaceOrientations_iPad = "UIInterfaceOrientationPortrait UIInterfaceOrientationPortraitUpsideDown UIInterfaceOrientationLandscapeLeft UIInterfaceOrientationLandscapeRight";
				INFOPLIST_KEY_UISupportedInterfaceOrientations_iPhone = "UIInterfaceOrientationPortrait UIInterfaceOrientationLandscapeLeft UIInterfaceOrientationLandscapeRight";
				LD_RUNPATH_SEARCH_PATHS = (
					"$(inherited)",
					"@executable_path/Frameworks",
				);
				MARKETING_VERSION = 1.0;
				PRODUCT_BUNDLE_IDENTIFIER = id.yazidal.GoPrivate;
				PRODUCT_NAME = "$(TARGET_NAME)";
				SWIFT_EMIT_LOC_STRINGS = YES;
				SWIFT_VERSION = 5.0;
				TARGETED_DEVICE_FAMILY = "1,2";
			};
			name = Debug;
		};
		8A235F432B6AA62200F1F6E7 /* Release */ = {
			isa = XCBuildConfiguration;
			buildSettings = {
				ASSETCATALOG_COMPILER_APPICON_NAME = AppIcon;
				ASSETCATALOG_COMPILER_GLOBAL_ACCENT_COLOR_NAME = AccentColor;
				CODE_SIGN_STYLE = Automatic;
				CURRENT_PROJECT_VERSION = 1;
				DEVELOPMENT_ASSET_PATHS = "\"GoPrivate/Preview Content\"";
				ENABLE_PREVIEWS = YES;
				GENERATE_INFOPLIST_FILE = YES;
				INFOPLIST_KEY_UIApplicationSceneManifest_Generation = YES;
				INFOPLIST_KEY_UIApplicationSupportsIndirectInputEvents = YES;
				INFOPLIST_KEY_UILaunchScreen_Generation = YES;
				INFOPLIST_KEY_UISupportedInterfaceOrientations_iPad = "UIInterfaceOrientationPortrait UIInterfaceOrientationPortraitUpsideDown UIInterfaceOrientationLandscapeLeft UIInterfaceOrientationLandscapeRight";
				INFOPLIST_KEY_UISupportedInterfaceOrientations_iPhone = "UIInterfaceOrientationPortrait UIInterfaceOrientationLandscapeLeft UIInterfaceOrientationLandscapeRight";
				LD_RUNPATH_SEARCH_PATHS = (
					"$(inherited)",
					"@executable_path/Frameworks",
				);
				MARKETING_VERSION = 1.0;
				PRODUCT_BUNDLE_IDENTIFIER = id.yazidal.GoPrivate;
				PRODUCT_NAME = "$(TARGET_NAME)";
				SWIFT_EMIT_LOC_STRINGS = YES;
				SWIFT_VERSION = 5.0;
				TARGETED_DEVICE_FAMILY = "1,2";
			};
			name = Release;
		};
		8A235F452B6AA62200F1F6E7 /* Debug */ = {
			isa = XCBuildConfiguration;
			buildSettings = {
				ALWAYS_EMBED_SWIFT_STANDARD_LIBRARIES = YES;
				BUNDLE_LOADER = "$(TEST_HOST)";
				CODE_SIGN_STYLE = Automatic;
				CURRENT_PROJECT_VERSION = 1;
				GENERATE_INFOPLIST_FILE = YES;
				IPHONEOS_DEPLOYMENT_TARGET = 16.4;
				MARKETING_VERSION = 1.0;
				PRODUCT_BUNDLE_IDENTIFIER = id.yazidal.GoPrivateTests;
				PRODUCT_NAME = "$(TARGET_NAME)";
				SWIFT_EMIT_LOC_STRINGS = NO;
				SWIFT_VERSION = 5.0;
				TARGETED_DEVICE_FAMILY = "1,2";
				TEST_HOST = "$(BUILT_PRODUCTS_DIR)/GoPrivate.app/$(BUNDLE_EXECUTABLE_FOLDER_PATH)/GoPrivate";
			};
			name = Debug;
		};
		8A235F462B6AA62200F1F6E7 /* Release */ = {
			isa = XCBuildConfiguration;
			buildSettings = {
				ALWAYS_EMBED_SWIFT_STANDARD_LIBRARIES = YES;
				BUNDLE_LOADER = "$(TEST_HOST)";
				CODE_SIGN_STYLE = Automatic;
				CURRENT_PROJECT_VERSION = 1;
				GENERATE_INFOPLIST_FILE = YES;
				IPHONEOS_DEPLOYMENT_TARGET = 16.4;
				MARKETING_VERSION = 1.0;
				PRODUCT_BUNDLE_IDENTIFIER = id.yazidal.GoPrivateTests;
				PRODUCT_NAME = "$(TARGET_NAME)";
				SWIFT_EMIT_LOC_STRINGS = NO;
				SWIFT_VERSION = 5.0;
				TARGETED_DEVICE_FAMILY = "1,2";
				TEST_HOST = "$(BUILT_PRODUCTS_DIR)/GoPrivate.app/$(BUNDLE_EXECUTABLE_FOLDER_PATH)/GoPrivate";
			};
			name = Release;
		};
		8A235F482B6AA62200F1F6E7 /* Debug */ = {
			isa = XCBuildConfiguration;
			buildSettings = {
				ALWAYS_EMBED_SWIFT_STANDARD_LIBRARIES = YES;
				CODE_SIGN_STYLE = Automatic;
				CURRENT_PROJECT_VERSION = 1;
				GENERATE_INFOPLIST_FILE = YES;
				MARKETING_VERSION = 1.0;
				PRODUCT_BUNDLE_IDENTIFIER = id.yazidal.GoPrivateUITests;
				PRODUCT_NAME = "$(TARGET_NAME)";
				SWIFT_EMIT_LOC_STRINGS = NO;
				SWIFT_VERSION = 5.0;
				TARGETED_DEVICE_FAMILY = "1,2";
				TEST_TARGET_NAME = GoPrivate;
			};
			name = Debug;
		};
		8A235F492B6AA62200F1F6E7 /* Release */ = {
			isa = XCBuildConfiguration;
			buildSettings = {
				ALWAYS_EMBED_SWIFT_STANDARD_LIBRARIES = YES;
				CODE_SIGN_STYLE = Automatic;
				CURRENT_PROJECT_VERSION = 1;
				GENERATE_INFOPLIST_FILE = YES;
				MARKETING_VERSION = 1.0;
				PRODUCT_BUNDLE_IDENTIFIER = id.yazidal.GoPrivateUITests;
				PRODUCT_NAME = "$(TARGET_NAME)";
				SWIFT_EMIT_LOC_STRINGS = NO;
				SWIFT_VERSION = 5.0;
				TARGETED_DEVICE_FAMILY = "1,2";
				TEST_TARGET_NAME = GoPrivate;
			};
			name = Release;
		};
/* End XCBuildConfiguration section */

/* Begin XCConfigurationList section */
		8A235F182B6AA5FF00F1F6E7 /* Build configuration list for PBXProject "GoPrivate" */ = {
			isa = XCConfigurationList;
			buildConfigurations = (
				8A235F3F2B6AA62200F1F6E7 /* Debug */,
				8A235F402B6AA62200F1F6E7 /* Release */,
			);
			defaultConfigurationIsVisible = 0;
			defaultConfigurationName = Release;
		};
		8A235F412B6AA62200F1F6E7 /* Build configuration list for PBXNativeTarget "GoPrivate" */ = {
			isa = XCConfigurationList;
			buildConfigurations = (
				8A235F422B6AA62200F1F6E7 /* Debug */,
				8A235F432B6AA62200F1F6E7 /* Release */,
			);
			defaultConfigurationIsVisible = 0;
			defaultConfigurationName = Release;
		};
		8A235F442B6AA62200F1F6E7 /* Build configuration list for PBXNativeTarget "GoPrivateTests" */ = {
			isa = XCConfigurationList;
			buildConfigurations = (
				8A235F452B6AA62200F1F6E7 /* Debug */,
				8A235F462B6AA62200F1F6E7 /* Release */,
			);
			defaultConfigurationIsVisible = 0;
			defaultConfigurationName = Release;
		};
		8A235F472B6AA62200F1F6E7 /* Build configuration list for PBXNativeTarget "GoPrivateUITests" */ = {
			isa = XCConfigurationList;
			buildConfigurations = (
				8A235F482B6AA62200F1F6E7 /* Debug */,
				8A235F492B6AA62200F1F6E7 /* Release */,
			);
			defaultConfigurationIsVisible = 0;
			defaultConfigurationName = Release;
		};
/* End XCConfigurationList section */

/* Begin XCRemoteSwiftPackageReference section */
		8A2ADF0D2B76A6C5005FF670 /* XCRemoteSwiftPackageReference "firebase-ios-sdk" */ = {
			isa = XCRemoteSwiftPackageReference;
			repositoryURL = "https://github.com/firebase/firebase-ios-sdk";
			requirement = {
				kind = upToNextMajorVersion;
				minimumVersion = 10.0.0;
			};
		};
/* End XCRemoteSwiftPackageReference section */

/* Begin XCSwiftPackageProductDependency section */
		8A2ADF0E2B76A6C5005FF670 /* FirebaseAuth */ = {
			isa = XCSwiftPackageProductDependency;
			package = 8A2ADF0D2B76A6C5005FF670 /* XCRemoteSwiftPackageReference "firebase-ios-sdk" */;
			productName = FirebaseAuth;
		};
		8A2ADF102B76A6C5005FF670 /* FirebaseFirestore */ = {
			isa = XCSwiftPackageProductDependency;
			package = 8A2ADF0D2B76A6C5005FF670 /* XCRemoteSwiftPackageReference "firebase-ios-sdk" */;
			productName = FirebaseFirestore;
		};
/* End XCSwiftPackageProductDependency section */
	};
	rootObject = 8A235F152B6AA5FF00F1F6E7 /* Project object */;
}
